
Microsoft Visual Studio Solution File, Format Version 12.00
# Visual Studio 15
VisualStudioVersion = 15.0.28307.168
MinimumVisualStudioVersion = 10.0.40219.1
Project("{6EC3EE1D-3C4E-46DD-8F32-0CC8E7565705}") = "MovieLens.Data", "MovieLens.Data\MovieLens.Data.fsproj", "{27CDD0BD-747C-4C34-A65A-0C50D01DCB46}"
EndProject
Project("{6EC3EE1D-3C4E-46DD-8F32-0CC8E7565705}") = "MovieLens.Data.Exporter", "MovieLens.Data.Exporter\MovieLens.Data.Exporter.fsproj", "{7EDE61A7-8547-400D-9FE8-73DD90407C6A}"
EndProject
Project("{2150E333-8FDC-42A3-9474-1A3956D46DE8}") = "git", "git", "{5B438735-B139-42B2-A546-2438578556C5}"
	ProjectSection(SolutionItems) = preProject
		.gitattributes = .gitattributes
		.gitignore = .gitignore
	EndProjectSection
EndProject
Project("{2150E333-8FDC-42A3-9474-1A3956D46DE8}") = "docs", "docs", "{BC867246-5831-4DAF-83DA-17DF48F5ED76}"
	ProjectSection(SolutionItems) = preProject
		README.md = README.md
	EndProjectSection
EndProject
Global
	GlobalSection(SolutionConfigurationPlatforms) = preSolution
		Debug|Any CPU = Debug|Any CPU
		Release|Any CPU = Release|Any CPU
	EndGlobalSection
	GlobalSection(ProjectConfigurationPlatforms) = postSolution
		{27CDD0BD-747C-4C34-A65A-0C50D01DCB46}.Debug|Any CPU.ActiveCfg = Debug|Any CPU
		{27CDD0BD-747C-4C34-A65A-0C50D01DCB46}.Debug|Any CPU.Build.0 = Debug|Any CPU
		{27CDD0BD-747C-4C34-A65A-0C50D01DCB46}.Release|Any CPU.ActiveCfg = Release|Any CPU
		{27CDD0BD-747C-4C34-A65A-0C50D01DCB46}.Release|Any CPU.Build.0 = Release|Any CPU
		{7EDE61A7-8547-400D-9FE8-73DD90407C6A}.Debug|Any CPU.ActiveCfg = Debug|Any CPU
		{7EDE61A7-8547-400D-9FE8-73DD90407C6A}.Debug|Any CPU.Build.0 = Debug|Any CPU
		{7EDE61A7-8547-400D-9FE8-73DD90407C6A}.Release|Any CPU.ActiveCfg = Release|Any CPU
		{7EDE61A7-8547-400D-9FE8-73DD90407C6A}.Release|Any CPU.Build.0 = Release|Any CPU
	EndGlobalSection
	GlobalSection(SolutionProperties) = preSolution
		HideSolutionNode = FALSE
	EndGlobalSection
	GlobalSection(ExtensibilityGlobals) = postSolution
		SolutionGuid = {591BBA23-7F7E-48CF-805A-52071423B9BB}
	EndGlobalSection
EndGlobal
